
Microsoft Visual Studio Solution File, Format Version 12.00
# Visual Studio Version 17
VisualStudioVersion = 17.5.002.0
MinimumVisualStudioVersion = 10.0.40219.1
Project("{9A19103F-16F7-4668-BE54-9A1E7A4F7556}") = "kisa-gcs-system", "kisa-gcs-system.csproj", "{33D251D2-47E1-49E2-A529-BA50E7F48647}"
EndProject
Global
	GlobalSection(SolutionConfigurationPlatforms) = preSolution
		Debug|Any CPU = Debug|Any CPU
		Release|Any CPU = Release|Any CPU
	EndGlobalSection
	GlobalSection(ProjectConfigurationPlatforms) = postSolution
		{33D251D2-47E1-49E2-A529-BA50E7F48647}.Debug|Any CPU.ActiveCfg = Debug|Any CPU
		{33D251D2-47E1-49E2-A529-BA50E7F48647}.Debug|Any CPU.Build.0 = Debug|Any CPU
		{33D251D2-47E1-49E2-A529-BA50E7F48647}.Release|Any CPU.ActiveCfg = Release|Any CPU
		{33D251D2-47E1-49E2-A529-BA50E7F48647}.Release|Any CPU.Build.0 = Release|Any CPU
	EndGlobalSection
	GlobalSection(SolutionProperties) = preSolution
		HideSolutionNode = FALSE
	EndGlobalSection
	GlobalSection(ExtensibilityGlobals) = postSolution
		SolutionGuid = {D4270515-9BF3-42B3-B642-2C613D7E2906}
	EndGlobalSection
EndGlobal
